# THIS IS AN AUTOGENERATED FILE. DO NOT EDIT THIS FILE DIRECTLY.
# yarn lockfile v1


union-gables-components@^1.0.3:
  version "1.0.3"
  resolved "https://registry.yarnpkg.com/union-gables-components/-/union-gables-components-1.0.3.tgz#873a8173ed1e7321b1b1e4c5f348add39c7585b2"
  integrity sha512-Wnkko+Q852HNVuq7togxgPLcDVyCSqGvICzraPsOp2f3JQrzXJWo90EgfAdIgwtxXqTqBSmEumSTbzcg4G+ouQ==
